{
  "version": "4",
  "specifiers": {
    "jsr:@popov/file-writer@^1.1.3": "1.1.3",
    "jsr:@popov/logger@1": "1.0.0"
  },
  "jsr": {
    "@popov/file-writer@1.1.3": {
      "integrity": "85827d546c905cd3e890c36c75f7cef0dcaa6731c8085463469192d9bed944fd"
    },
    "@popov/logger@1.0.0": {
      "integrity": "214039abc3152bf46350d1bb65fdcaa6ff8b5937f5398077774cabd83c92ca14",
      "dependencies": [
        "jsr:@popov/file-writer"
      ]
    }
  },
  "workspace": {
    "dependencies": [
      "jsr:@popov/logger@1"
    ]
  }
}
